
Microsoft Visual Studio Solution File, Format Version 12.00
# Visual Studio Version 17
VisualStudioVersion = 17.2.32602.215
MinimumVisualStudioVersion = 10.0.40219.1
Project("{FAE04EC0-301F-11D3-BF4B-00C04F79EFBC}") = "RevitAPI62", "RevitAPI62\RevitAPI62.csproj", "{E6CE6107-2675-45B2-BA30-3B592C970916}"
EndProject
Global
	GlobalSection(SolutionConfigurationPlatforms) = preSolution
		Debug|Any CPU = Debug|Any CPU
		Release|Any CPU = Release|Any CPU
	EndGlobalSection
	GlobalSection(ProjectConfigurationPlatforms) = postSolution
		{E6CE6107-2675-45B2-BA30-3B592C970916}.Debug|Any CPU.ActiveCfg = Debug|Any CPU
		{E6CE6107-2675-45B2-BA30-3B592C970916}.Debug|Any CPU.Build.0 = Debug|Any CPU
		{E6CE6107-2675-45B2-BA30-3B592C970916}.Release|Any CPU.ActiveCfg = Release|Any CPU
		{E6CE6107-2675-45B2-BA30-3B592C970916}.Release|Any CPU.Build.0 = Release|Any CPU
	EndGlobalSection
	GlobalSection(SolutionProperties) = preSolution
		HideSolutionNode = FALSE
	EndGlobalSection
	GlobalSection(ExtensibilityGlobals) = postSolution
		SolutionGuid = {C12DB48B-9730-42E9-9A0E-E528EA55B5A3}
	EndGlobalSection
EndGlobal
